
Microsoft Visual Studio Solution File, Format Version 12.00
# Visual Studio Version 17
VisualStudioVersion = 17.14.36717.8 d17.14
MinimumVisualStudioVersion = 10.0.40219.1
Project("{FAE04EC0-301F-11D3-BF4B-00C04F79EFBC}") = "F25Week11WeatherAppDemo", "F25Week11WeatherAppDemo\F25Week11WeatherAppDemo.csproj", "{135915D5-A583-4383-BBEA-8417D875BEF2}"
EndProject
Global
	GlobalSection(SolutionConfigurationPlatforms) = preSolution
		Debug|Any CPU = Debug|Any CPU
		Release|Any CPU = Release|Any CPU
	EndGlobalSection
	GlobalSection(ProjectConfigurationPlatforms) = postSolution
		{135915D5-A583-4383-BBEA-8417D875BEF2}.Debug|Any CPU.ActiveCfg = Debug|Any CPU
		{135915D5-A583-4383-BBEA-8417D875BEF2}.Debug|Any CPU.Build.0 = Debug|Any CPU
		{135915D5-A583-4383-BBEA-8417D875BEF2}.Release|Any CPU.ActiveCfg = Release|Any CPU
		{135915D5-A583-4383-BBEA-8417D875BEF2}.Release|Any CPU.Build.0 = Release|Any CPU
	EndGlobalSection
	GlobalSection(SolutionProperties) = preSolution
		HideSolutionNode = FALSE
	EndGlobalSection
	GlobalSection(ExtensibilityGlobals) = postSolution
		SolutionGuid = {0B9F1F89-7792-4288-875E-0C325883184E}
	EndGlobalSection
EndGlobal
